# THIS IS AN AUTOGENERATED FILE. DO NOT EDIT THIS FILE DIRECTLY.
# yarn lockfile v1


"@babel/runtime@^7.0.0", "@babel/runtime@^7.3.1":
  version "7.9.2"
  resolved "https://registry.yarnpkg.com/@babel/runtime/-/runtime-7.9.2.tgz#d90df0583a3a252f09aaa619665367bae518db06"
  integrity sha512-NE2DtOdufG7R5vnfQUTehdTfNycfUANEtCa9PssN9O/xmTzP4E08UI797ixaei6hBEVL9BI/PsdJS5x7mWoB9Q==
  dependencies:
    regenerator-runtime "^0.13.4"

"@deck.gl/core@^8.1.1":
  version "8.1.1"
  resolved "https://registry.yarnpkg.com/@deck.gl/core/-/core-8.1.1.tgz#fd23b90c9e8ffcc9d13e777637a5f80e316d8fb7"
  integrity sha512-tw94gUA4E++f9NrEmhq7+C2KNRQUTtTdO6WRDvqW373Ei4H6l5J+M/mN5nbT9m+M0sZqc3h7Z0YuA3mjM8hHfw==
  dependencies:
    "@loaders.gl/core" "^2.1.1"
    "@loaders.gl/images" "^2.1.1"
    "@luma.gl/core" "^8.1.0"
    "@math.gl/web-mercator" "^3.1.3"
    gl-matrix "^3.0.0"
    math.gl "^3.1.2"
    mjolnir.js "^2.3.0"
    probe.gl "^3.2.1"

"@loaders.gl/core@^2.1.1":
  version "2.1.2"
  resolved "https://registry.yarnpkg.com/@loaders.gl/core/-/core-2.1.2.tgz#2a4ff61e138bd911ff6586fa47ffffb25d0867aa"
  integrity sha512-3OWOOYk80LnUlhnFS3XEivKJnbB2AJH14BPCEighkCdkkQXFK0TWzQuk1uSCyd2P8fae1MRU1G7j0Bat4gWDxQ==
  dependencies:
    "@babel/runtime" "^7.3.1"
    "@loaders.gl/loader-utils" "2.1.2"

"@loaders.gl/images@^2.1.1", "@loaders.gl/images@^2.1.2":
  version "2.1.2"
  resolved "https://registry.yarnpkg.com/@loaders.gl/images/-/images-2.1.2.tgz#ce931b7f2d3ea755e0c762fbee274ce7dddefeea"
  integrity sha512-BYTf7kajQ1Wir9X5WJLbJinctxi6aX9/QASRSkuJGqhK7gs4msGahW1wxaIXqBx7ECLTkqrQwzZ+KHqUu8Tz8w==
  dependencies:
    "@loaders.gl/loader-utils" "2.1.2"

"@loaders.gl/loader-utils@2.1.2":
  version "2.1.2"
  resolved "https://registry.yarnpkg.com/@loaders.gl/loader-utils/-/loader-utils-2.1.2.tgz#271892be6b0f39b2b1c50e24d531875f6281d0da"
  integrity sha512-JfhNkvP1SdDBNKT0FeuK/ZlYWeDZJoY0lgWQlYvOY9F4Uc+Lhxwl1nDvUJUYZa2PKgPgTmYP++pGOzSaR1hnoQ==
  dependencies:
    "@babel/runtime" "^7.3.1"
    "@probe.gl/stats" "^3.2.1"

"@luma.gl/constants@8.1.0", "@luma.gl/constants@^8.1.0":
  version "8.1.0"
  resolved "https://registry.yarnpkg.com/@luma.gl/constants/-/constants-8.1.0.tgz#ca69f5439ce173c1d8db38e9058612e046e99588"
  integrity sha512-mKd3FKkvr17/MdrFgtVAMddTiBwgAtAtXx3XCx6bpR1nJg39f7j7MnrFB3omu/twISLWLxv9GqIo+yxuO5hnhw==

"@luma.gl/core@^8.1.0":
  version "8.1.0"
  resolved "https://registry.yarnpkg.com/@luma.gl/core/-/core-8.1.0.tgz#be1e1225ee442cfad1e604e86eb555d049bc5db3"
  integrity sha512-zZwbO5tledK032jFBKA5zh6EG42bgocjc8sqpSFVrVyCXYlG6LMBsHQf7fEqpM/vUuQWdLqCvM3NsLzHrB97rA==
  dependencies:
    "@babel/runtime" "^7.0.0"
    "@luma.gl/constants" "8.1.0"
    "@luma.gl/engine" "8.1.0"
    "@luma.gl/shadertools" "8.1.0"
    "@luma.gl/webgl" "8.1.0"

"@luma.gl/engine@8.1.0":
  version "8.1.0"
  resolved "https://registry.yarnpkg.com/@luma.gl/engine/-/engine-8.1.0.tgz#6128e1a01f7a6e9e0b5bdac4bdf8665854e5c103"
  integrity sha512-szBn9I7ipsNSldotCaOGdv8T0/2MNZwzS7yTqzqIvKe3l1TbsLVBC0BWbHkH82BXlIedI6iPQ/dPVn/jVYljIQ==
  dependencies:
    "@babel/runtime" "^7.0.0"
    "@luma.gl/constants" "8.1.0"
    "@luma.gl/gltools" "8.1.0"
    "@luma.gl/shadertools" "8.1.0"
    "@luma.gl/webgl" "8.1.0"
    math.gl "^3.1.3"
    probe.gl "^3.2.1"

"@luma.gl/gltools@8.1.0":
  version "8.1.0"
  resolved "https://registry.yarnpkg.com/@luma.gl/gltools/-/gltools-8.1.0.tgz#8c5958c22eab7379b90ebf6f8f78bc81b7fe851b"
  integrity sha512-+6k/++mJRcsJMqts90Oabap6+MDnw4Rf3G+eIZ6gI6oH4NSrLu+kY2KAKycQwoljQ4zVwLRcPydlpcPMJx7zhg==
  dependencies:
    "@babel/runtime" "^7.0.0"
    "@luma.gl/constants" "8.1.0"
    probe.gl "^3.2.1"

"@luma.gl/shadertools@8.1.0":
  version "8.1.0"
  resolved "https://registry.yarnpkg.com/@luma.gl/shadertools/-/shadertools-8.1.0.tgz#4cf11d2349426dbbfdec0fc9e8fba7a20e931193"
  integrity sha512-RCKaAk5tyDdiUQJciMIIuMYH2fGnzvhwbIeQV1/9oLDndkjGZCTFkLgvQnA/roZzy84QvoRoNn1FFc1XEvwwYg==
  dependencies:
    "@babel/runtime" "^7.0.0"
    math.gl "^3.1.3"

"@luma.gl/webgl@8.1.0":
  version "8.1.0"
  resolved "https://registry.yarnpkg.com/@luma.gl/webgl/-/webgl-8.1.0.tgz#58221b0f08f89268d1b7940fcddee93b56482992"
  integrity sha512-M9Wpmz9zMPHOJghq76KJUDweAdyPFpf18Oi+LhlLLXoHURxxPz6edJXLO4FOXm5DbvG3oCeWkOnfTKSL9P2M0w==
  dependencies:
    "@babel/runtime" "^7.0.0"
    "@luma.gl/constants" "8.1.0"
    "@luma.gl/gltools" "8.1.0"
    probe.gl "^3.2.1"

"@math.gl/core@3.1.3":
  version "3.1.3"
  resolved "https://registry.yarnpkg.com/@math.gl/core/-/core-3.1.3.tgz#70b0349708d170325eecf043b6840029bc57cda5"
  integrity sha512-vpYyUYaE9h5KhJC4BJp4CeWThB7rrfs40d36dKkn45Vgzuj2lVCJ8FeU0S5XWYa495DLxxECED0IZt9ROvlwcg==
  dependencies:
    "@babel/runtime" "^7.0.0"
    gl-matrix "^3.0.0"

"@math.gl/web-mercator@^3.1.3":
  version "3.1.3"
  resolved "https://registry.yarnpkg.com/@math.gl/web-mercator/-/web-mercator-3.1.3.tgz#3a6b2aeb6c68b331f26269c2fa1905cacc40e84b"
  integrity sha512-aU+3upxkdA9yObA7EudfEKfN/QH4o5impyc7s/a34J2hZKPsihgREphxnKzl2RknXD/KoL7MnQv589LToAJGMQ==
  dependencies:
    "@babel/runtime" "^7.0.0"
    gl-matrix "^3.0.0"

"@probe.gl/stats@3.2.1", "@probe.gl/stats@^3.2.1":
  version "3.2.1"
  resolved "https://registry.yarnpkg.com/@probe.gl/stats/-/stats-3.2.1.tgz#4e95c75513229ebb01384045e89524a466c022eb"
  integrity sha512-tXe5krgbodxtVdUVWG4oIicMoCHNGp7QYkaHSDrUeTfJVqYuZz99T6r7qmn0bCo4wQlzn936jJ+QiAltHxatig==
  dependencies:
    "@babel/runtime" "^7.0.0"

gl-matrix@^3.0.0:
  version "3.3.0"
  resolved "https://registry.yarnpkg.com/gl-matrix/-/gl-matrix-3.3.0.tgz#232eef60b1c8b30a28cbbe75b2caf6c48fd6358b"
  integrity sha512-COb7LDz+SXaHtl/h4LeaFcNdJdAQSDeVqjiIihSXNrkWObZLhDI4hIkZC11Aeqp7bcE72clzB0BnDXr2SmslRA==

hammerjs@^2.0.8:
  version "2.0.8"
  resolved "https://registry.yarnpkg.com/hammerjs/-/hammerjs-2.0.8.tgz#04ef77862cff2bb79d30f7692095930222bf60f1"
  integrity sha1-BO93hiz/K7edMPdpIJWTAiK/YPE=

math.gl@^3.1.2, math.gl@^3.1.3:
  version "3.1.3"
  resolved "https://registry.yarnpkg.com/math.gl/-/math.gl-3.1.3.tgz#1e702df8cba024cc229e18e3c57c60a27943cb95"
  integrity sha512-3OYCtzTOW1wkZufjsxk8g1D77+z+x7QehOZcMFPGgw1QjVEFNcyy3ql6hdrZpUlkyE3pX4lYak7WOIE+n0obYg==
  dependencies:
    "@math.gl/core" "3.1.3"

mjolnir.js@^2.3.0:
  version "2.4.0"
  resolved "https://registry.yarnpkg.com/mjolnir.js/-/mjolnir.js-2.4.0.tgz#247f1640d8382c07c3030595f7957e1a5383b6e4"
  integrity sha512-0WyWlc5EzdZ7eD0Fjy1DarzJpknesJaMJ6P0c6gDlbotfj3GRzv0odTXfTVVMm9WxEQSUzxosdnPqnd0SDxIyA==
  dependencies:
    "@babel/runtime" "^7.0.0"
    hammerjs "^2.0.8"

probe.gl@^3.2.1:
  version "3.2.1"
  resolved "https://registry.yarnpkg.com/probe.gl/-/probe.gl-3.2.1.tgz#c92db3e89df6c45a9fe0377890c6b0ded35d2974"
  integrity sha512-ax0flZWVcrw3FF9MMt84mqfIckjkB7ItGer9rr8zlUbkIyzt66ypeJVLQlC28dJ/RBZtriflt2sVAhjENFohQA==
  dependencies:
    "@babel/runtime" "^7.0.0"
    "@probe.gl/stats" "3.2.1"

regenerator-runtime@^0.13.4, regenerator-runtime@^0.13.5:
  version "0.13.5"
  resolved "https://registry.yarnpkg.com/regenerator-runtime/-/regenerator-runtime-0.13.5.tgz#d878a1d094b4306d10b9096484b33ebd55e26697"
  integrity sha512-ZS5w8CpKFinUzOwW3c83oPeVXoNsrLsaCoLtJvAClH135j/R77RuymhiSErhm2lKcwSCIpmvIWSbDkIfAqKQlA==
